
Microsoft Visual Studio Solution File, Format Version 11.00
# Visual Studio 2010
Project("{FAE04EC0-301F-11D3-BF4B-00C04F79EFBC}") = "JsonParser", "JsonParser\JsonParser.csproj", "{31AD2916-1BFA-45F0-A668-A406D48BA177}"
EndProject
Project("{FAE04EC0-301F-11D3-BF4B-00C04F79EFBC}") = "Driver", "Driver\Driver.csproj", "{DA428968-B053-46E8-99BB-02892CA24E0C}"
EndProject
Global
	GlobalSection(SolutionConfigurationPlatforms) = preSolution
		Debug|Any CPU = Debug|Any CPU
		Debug|Mixed Platforms = Debug|Mixed Platforms
		Debug|x86 = Debug|x86
		Release|Any CPU = Release|Any CPU
		Release|Mixed Platforms = Release|Mixed Platforms
		Release|x86 = Release|x86
	EndGlobalSection
	GlobalSection(ProjectConfigurationPlatforms) = postSolution
		{31AD2916-1BFA-45F0-A668-A406D48BA177}.Debug|Any CPU.ActiveCfg = Debug|Any CPU
		{31AD2916-1BFA-45F0-A668-A406D48BA177}.Debug|Any CPU.Build.0 = Debug|Any CPU
		{31AD2916-1BFA-45F0-A668-A406D48BA177}.Debug|Mixed Platforms.ActiveCfg = Debug|Any CPU
		{31AD2916-1BFA-45F0-A668-A406D48BA177}.Debug|Mixed Platforms.Build.0 = Debug|Any CPU
		{31AD2916-1BFA-45F0-A668-A406D48BA177}.Debug|x86.ActiveCfg = Debug|Any CPU
		{31AD2916-1BFA-45F0-A668-A406D48BA177}.Release|Any CPU.ActiveCfg = Release|Any CPU
		{31AD2916-1BFA-45F0-A668-A406D48BA177}.Release|Any CPU.Build.0 = Release|Any CPU
		{31AD2916-1BFA-45F0-A668-A406D48BA177}.Release|Mixed Platforms.ActiveCfg = Release|Any CPU
		{31AD2916-1BFA-45F0-A668-A406D48BA177}.Release|Mixed Platforms.Build.0 = Release|Any CPU
		{31AD2916-1BFA-45F0-A668-A406D48BA177}.Release|x86.ActiveCfg = Release|Any CPU
		{DA428968-B053-46E8-99BB-02892CA24E0C}.Debug|Any CPU.ActiveCfg = Debug|x86
		{DA428968-B053-46E8-99BB-02892CA24E0C}.Debug|Mixed Platforms.ActiveCfg = Debug|x86
		{DA428968-B053-46E8-99BB-02892CA24E0C}.Debug|Mixed Platforms.Build.0 = Debug|x86
		{DA428968-B053-46E8-99BB-02892CA24E0C}.Debug|x86.ActiveCfg = Debug|x86
		{DA428968-B053-46E8-99BB-02892CA24E0C}.Debug|x86.Build.0 = Debug|x86
		{DA428968-B053-46E8-99BB-02892CA24E0C}.Release|Any CPU.ActiveCfg = Release|x86
		{DA428968-B053-46E8-99BB-02892CA24E0C}.Release|Mixed Platforms.ActiveCfg = Release|x86
		{DA428968-B053-46E8-99BB-02892CA24E0C}.Release|Mixed Platforms.Build.0 = Release|x86
		{DA428968-B053-46E8-99BB-02892CA24E0C}.Release|x86.ActiveCfg = Release|x86
		{DA428968-B053-46E8-99BB-02892CA24E0C}.Release|x86.Build.0 = Release|x86
	EndGlobalSection
	GlobalSection(SolutionProperties) = preSolution
		HideSolutionNode = FALSE
	EndGlobalSection
EndGlobal
